// !$*UTF8*$!
{
	archiveVersion = 1;
	classes = {
	};
	objectVersion = 46;
	objects = {

/* Begin PBXBuildFile section */
		49F549B91CE5750700C71C9F /* AppDelegate.swift in Sources */ = {isa = PBXBuildFile; fileRef = 49F549B81CE5750700C71C9F /* AppDelegate.swift */; };
		49F549BE1CE5750700C71C9F /* Main.storyboard in Resources */ = {isa = PBXBuildFile; fileRef = 49F549BC1CE5750700C71C9F /* Main.storyboard */; };
		49F549C01CE5750700C71C9F /* Assets.xcassets in Resources */ = {isa = PBXBuildFile; fileRef = 49F549BF1CE5750700C71C9F /* Assets.xcassets */; };
		49F549C31CE5750700C71C9F /* LaunchScreen.storyboard in Resources */ = {isa = PBXBuildFile; fileRef = 49F549C11CE5750700C71C9F /* LaunchScreen.storyboard */; };
		49F549CE1CE5750800C71C9F /* Day2FontTests.swift in Sources */ = {isa = PBXBuildFile; fileRef = 49F549CD1CE5750800C71C9F /* Day2FontTests.swift */; };
		49F549D91CE5750800C71C9F /* Day2FontUITests.swift in Sources */ = {isa = PBXBuildFile; fileRef = 49F549D81CE5750800C71C9F /* Day2FontUITests.swift */; };
		49F549EB1CE576BD00C71C9F /* MainTableViewController.swift in Sources */ = {isa = PBXBuildFile; fileRef = 49F549EA1CE576BD00C71C9F /* MainTableViewController.swift */; };
		49F549ED1CE5778100C71C9F /* CustomizeFont in Resources */ = {isa = PBXBuildFile; fileRef = 49F549EC1CE5778100C71C9F /* CustomizeFont */; };
/* End PBXBuildFile section */

/* Begin PBXContainerItemProxy section */
		49F549CA1CE5750800C71C9F /* PBXContainerItemProxy */ = {
			isa = PBXContainerItemProxy;
			containerPortal = 49F549AD1CE5750700C71C9F /* Project object */;
			proxyType = 1;
			remoteGlobalIDString = 49F549B41CE5750700C71C9F;
			remoteInfo = Day2Font;
		};
		49F549D51CE5750800C71C9F /* PBXContainerItemProxy */ = {
			isa = PBXContainerItemProxy;
			containerPortal = 49F549AD1CE5750700C71C9F /* Project object */;
			proxyType = 1;
			remoteGlobalIDString = 49F549B41CE5750700C71C9F;
			remoteInfo = Day2Font;
		};
/* End PBXContainerItemProxy section */

/* Begin PBXFileReference section */
		49F549B51CE5750700C71C9F /* Day2Font.app */ = {isa = PBXFileReference; explicitFileType = wrapper.application; includeInIndex = 0; path = Day2Font.app; sourceTree = BUILT_PRODUCTS_DIR; };
		49F549B81CE5750700C71C9F /* AppDelegate.swift */ = {isa = PBXFileReference; lastKnownFileType = sourcecode.swift; path = AppDelegate.swift; sourceTree = "<group>"; };
		49F549BD1CE5750700C71C9F /* Base */ = {isa = PBXFileReference; lastKnownFileType = file.storyboard; name = Base; path = Base.lproj/Main.storyboard; sourceTree = "<group>"; };
		49F549BF1CE5750700C71C9F /* Assets.xcassets */ = {isa = PBXFileReference; lastKnownFileType = folder.assetcatalog; path = Assets.xcassets; sourceTree = "<group>"; };
		49F549C21CE5750700C71C9F /* Base */ = {isa = PBXFileReference; lastKnownFileType = file.storyboard; name = Base; path = Base.lproj/LaunchScreen.storyboard; sourceTree = "<group>"; };
		49F549C41CE5750700C71C9F /* Info.plist */ = {isa = PBXFileReference; lastKnownFileType = text.plist.xml; path = Info.plist; sourceTree = "<group>"; };
		49F549C91CE5750800C71C9F /* Day2FontTests.xctest */ = {isa = PBXFileReference; explicitFileType = wrapper.cfbundle; includeInIndex = 0; path = Day2FontTests.xctest; sourceTree = BUILT_PRODUCTS_DIR; };
		49F549CD1CE5750800C71C9F /* Day2FontTests.swift */ = {isa = PBXFileReference; lastKnownFileType = sourcecode.swift; path = Day2FontTests.swift; sourceTree = "<group>"; };
		49F549CF1CE5750800C71C9F /* Info.plist */ = {isa = PBXFileReference; lastKnownFileType = text.plist.xml; path = Info.plist; sourceTree = "<group>"; };
		49F549D41CE5750800C71C9F /* Day2FontUITests.xctest */ = {isa = PBXFileReference; explicitFileType = wrapper.cfbundle; includeInIndex = 0; path = Day2FontUITests.xctest; sourceTree = BUILT_PRODUCTS_DIR; };
		49F549D81CE5750800C71C9F /* Day2FontUITests.swift */ = {isa = PBXFileReference; lastKnownFileType = sourcecode.swift; path = Day2FontUITests.swift; sourceTree = "<group>"; };
		49F549DA1CE5750800C71C9F /* Info.plist */ = {isa = PBXFileReference; lastKnownFileType = text.plist.xml; path = Info.plist; sourceTree = "<group>"; };
		49F549EA1CE576BD00C71C9F /* MainTableViewController.swift */ = {isa = PBXFileReference; fileEncoding = 4; lastKnownFileType = sourcecode.swift; path = MainTableViewController.swift; sourceTree = "<group>"; };
		49F549EC1CE5778100C71C9F /* CustomizeFont */ = {isa = PBXFileReference; lastKnownFileType = folder; path = CustomizeFont; sourceTree = "<group>"; };
/* End PBXFileReference section */

/* Begin PBXFrameworksBuildPhase section */
		49F549B21CE5750700C71C9F /* Frameworks */ = {
			isa = PBXFrameworksBuildPhase;
			buildActionMask = 2147483647;
			files = (
			);
			runOnlyForDeploymentPostprocessing = 0;
		};
		49F549C61CE5750800C71C9F /* Frameworks */ = {
			isa = PBXFrameworksBuildPhase;
			buildActionMask = 2147483647;
			files = (
			);
			runOnlyForDeploymentPostprocessing = 0;
		};
		49F549D11CE5750800C71C9F /* Frameworks */ = {
			isa = PBXFrameworksBuildPhase;
			buildActionMask = 2147483647;
			files = (
			);
			runOnlyForDeploymentPostprocessing = 0;
		};
/* End PBXFrameworksBuildPhase section */

/* Begin PBXGroup section */
		49F549AC1CE5750700C71C9F = {
			isa = PBXGroup;
			children = (
				49F549B71CE5750700C71C9F /* Day2Font */,
				49F549CC1CE5750800C71C9F /* Day2FontTests */,
				49F549D71CE5750800C71C9F /* Day2FontUITests */,
				49F549B61CE5750700C71C9F /* Products */,
			);
			sourceTree = "<group>";
		};
		49F549B61CE5750700C71C9F /* Products */ = {
			isa = PBXGroup;
			children = (
				49F549B51CE5750700C71C9F /* Day2Font.app */,
				49F549C91CE5750800C71C9F /* Day2FontTests.xctest */,
				49F549D41CE5750800C71C9F /* Day2FontUITests.xctest */,
			);
			name = Products;
			sourceTree = "<group>";
		};
		49F549B71CE5750700C71C9F /* Day2Font */ = {
			isa = PBXGroup;
			children = (
				49F549EC1CE5778100C71C9F /* CustomizeFont */,
				49F549B81CE5750700C71C9F /* AppDelegate.swift */,
				49F549EA1CE576BD00C71C9F /* MainTableViewController.swift */,
				49F549BC1CE5750700C71C9F /* Main.storyboard */,
				49F549BF1CE5750700C71C9F /* Assets.xcassets */,
				49F549C11CE5750700C71C9F /* LaunchScreen.storyboard */,
				49F549C41CE5750700C71C9F /* Info.plist */,
			);
			path = Day2Font;
			sourceTree = "<group>";
		};
		49F549CC1CE5750800C71C9F /* Day2FontTests */ = {
			isa = PBXGroup;
			children = (
				49F549CD1CE5750800C71C9F /* Day2FontTests.swift */,
				49F549CF1CE5750800C71C9F /* Info.plist */,
			);
			path = Day2FontTests;
			sourceTree = "<group>";
		};
		49F549D71CE5750800C71C9F /* Day2FontUITests */ = {
			isa = PBXGroup;
			children = (
				49F549D81CE5750800C71C9F /* Day2FontUITests.swift */,
				49F549DA1CE5750800C71C9F /* Info.plist */,
			);
			path = Day2FontUITests;
			sourceTree = "<group>";
		};
/* End PBXGroup section */

/* Begin PBXNativeTarget section */
		49F549B41CE5750700C71C9F /* Day2Font */ = {
			isa = PBXNativeTarget;
			buildConfigurationList = 49F549DD1CE5750800C71C9F /* Build configuration list for PBXNativeTarget "Day2Font" */;
			buildPhases = (
				49F549B11CE5750700C71C9F /* Sources */,
				49F549B21CE5750700C71C9F /* Frameworks */,
				49F549B31CE5750700C71C9F /* Resources */,
			);
			buildRules = (
			);
			dependencies = (
			);
			name = Day2Font;
			productName = Day2Font;
			productReference = 49F549B51CE5750700C71C9F /* Day2Font.app */;
			productType = "com.apple.product-type.application";
		};
		49F549C81CE5750800C71C9F /* Day2FontTests */ = {
			isa = PBXNativeTarget;
			buildConfigurationList = 49F549E01CE5750800C71C9F /* Build configuration list for PBXNativeTarget "Day2FontTests" */;
			buildPhases = (
				49F549C51CE5750800C71C9F /* Sources */,
				49F549C61CE5750800C71C9F /* Frameworks */,
				49F549C71CE5750800C71C9F /* Resources */,
			);
			buildRules = (
			);
			dependencies = (
				49F549CB1CE5750800C71C9F /* PBXTargetDependency */,
			);
			name = Day2FontTests;
			productName = Day2FontTests;
			productReference = 49F549C91CE5750800C71C9F /* Day2FontTests.xctest */;
			productType = "com.apple.product-type.bundle.unit-test";
		};
		49F549D31CE5750800C71C9F /* Day2FontUITests */ = {
			isa = PBXNativeTarget;
			buildConfigurationList = 49F549E31CE5750800C71C9F /* Build configuration list for PBXNativeTarget "Day2FontUITests" */;
			buildPhases = (
				49F549D01CE5750800C71C9F /* Sources */,
				49F549D11CE5750800C71C9F /* Frameworks */,
				49F549D21CE5750800C71C9F /* Resources */,
			);
			buildRules = (
			);
			dependencies = (
				49F549D61CE5750800C71C9F /* PBXTargetDependency */,
			);
			name = Day2FontUITests;
			productName = Day2FontUITests;
			productReference = 49F549D41CE5750800C71C9F /* Day2FontUITests.xctest */;
			productType = "com.apple.product-type.bundle.ui-testing";
		};
/* End PBXNativeTarget section */

/* Begin PBXProject section */
		49F549AD1CE5750700C71C9F /* Project object */ = {
			isa = PBXProject;
			attributes = {
				LastSwiftUpdateCheck = 0730;
				LastUpgradeCheck = 0730;
				ORGANIZATIONNAME = "吴冠龙";
				TargetAttributes = {
					49F549B41CE5750700C71C9F = {
						CreatedOnToolsVersion = 7.3.1;
					};
					49F549C81CE5750800C71C9F = {
						CreatedOnToolsVersion = 7.3.1;
						TestTargetID = 49F549B41CE5750700C71C9F;
					};
					49F549D31CE5750800C71C9F = {
						CreatedOnToolsVersion = 7.3.1;
						TestTargetID = 49F549B41CE5750700C71C9F;
					};
				};
			};
			buildConfigurationList = 49F549B01CE5750700C71C9F /* Build configuration list for PBXProject "Day2Font" */;
			compatibilityVersion = "Xcode 3.2";
			developmentRegion = English;
			hasScannedForEncodings = 0;
			knownRegions = (
				en,
				Base,
			);
			mainGroup = 49F549AC1CE5750700C71C9F;
			productRefGroup = 49F549B61CE5750700C71C9F /* Products */;
			projectDirPath = "";
			projectRoot = "";
			targets = (
				49F549B41CE5750700C71C9F /* Day2Font */,
				49F549C81CE5750800C71C9F /* Day2FontTests */,
				49F549D31CE5750800C71C9F /* Day2FontUITests */,
			);
		};
/* End PBXProject section */

/* Begin PBXResourcesBuildPhase section */
		49F549B31CE5750700C71C9F /* Resources */ = {
			isa = PBXResourcesBuildPhase;
			buildActionMask = 2147483647;
			files = (
				49F549C31CE5750700C71C9F /* LaunchScreen.storyboard in Resources */,
				49F549C01CE5750700C71C9F /* Assets.xcassets in Resources */,
				49F549BE1CE5750700C71C9F /* Main.storyboard in Resources */,
				49F549ED1CE5778100C71C9F /* CustomizeFont in Resources */,
			);
			runOnlyForDeploymentPostprocessing = 0;
		};
		49F549C71CE5750800C71C9F /* Resources */ = {
			isa = PBXResourcesBuildPhase;
			buildActionMask = 2147483647;
			files = (
			);
			runOnlyForDeploymentPostprocessing = 0;
		};
		49F549D21CE5750800C71C9F /* Resources */ = {
			isa = PBXResourcesBuildPhase;
			buildActionMask = 2147483647;
			files = (
			);
			runOnlyForDeploymentPostprocessing = 0;
		};
/* End PBXResourcesBuildPhase section */

/* Begin PBXSourcesBuildPhase section */
		49F549B11CE5750700C71C9F /* Sources */ = {
			isa = PBXSourcesBuildPhase;
			buildActionMask = 2147483647;
			files = (
				49F549EB1CE576BD00C71C9F /* MainTableViewController.swift in Sources */,
				49F549B91CE5750700C71C9F /* AppDelegate.swift in Sources */,
			);
			runOnlyForDeploymentPostprocessing = 0;
		};
		49F549C51CE5750800C71C9F /* Sources */ = {
			isa = PBXSourcesBuildPhase;
			buildActionMask = 2147483647;
			files = (
				49F549CE1CE5750800C71C9F /* Day2FontTests.swift in Sources */,
			);
			runOnlyForDeploymentPostprocessing = 0;
		};
		49F549D01CE5750800C71C9F /* Sources */ = {
			isa = PBXSourcesBuildPhase;
			buildActionMask = 2147483647;
			files = (
				49F549D91CE5750800C71C9F /* Day2FontUITests.swift in Sources */,
			);
			runOnlyForDeploymentPostprocessing = 0;
		};
/* End PBXSourcesBuildPhase section */

/* Begin PBXTargetDependency section */
		49F549CB1CE5750800C71C9F /* PBXTargetDependency */ = {
			isa = PBXTargetDependency;
			target = 49F549B41CE5750700C71C9F /* Day2Font */;
			targetProxy = 49F549CA1CE5750800C71C9F /* PBXContainerItemProxy */;
		};
		49F549D61CE5750800C71C9F /* PBXTargetDependency */ = {
			isa = PBXTargetDependency;
			target = 49F549B41CE5750700C71C9F /* Day2Font */;
			targetProxy = 49F549D51CE5750800C71C9F /* PBXContainerItemProxy */;
		};
/* End PBXTargetDependency section */

/* Begin PBXVariantGroup section */
		49F549BC1CE5750700C71C9F /* Main.storyboard */ = {
			isa = PBXVariantGroup;
			children = (
				49F549BD1CE5750700C71C9F /* Base */,
			);
			name = Main.storyboard;
			sourceTree = "<group>";
		};
		49F549C11CE5750700C71C9F /* LaunchScreen.storyboard */ = {
			isa = PBXVariantGroup;
			children = (
				49F549C21CE5750700C71C9F /* Base */,
			);
			name = LaunchScreen.storyboard;
			sourceTree = "<group>";
		};
/* End PBXVariantGroup section */

/* Begin XCBuildConfiguration section */
		49F549DB1CE5750800C71C9F /* Debug */ = {
			isa = XCBuildConfiguration;
			buildSettings = {
				ALWAYS_SEARCH_USER_PATHS = NO;
				CLANG_ANALYZER_NONNULL = YES;
				CLANG_CXX_LANGUAGE_STANDARD = "gnu++0x";
				CLANG_CXX_LIBRARY = "libc++";
				CLANG_ENABLE_MODULES = YES;
				CLANG_ENABLE_OBJC_ARC = YES;
				CLANG_WARN_BOOL_CONVERSION = YES;
				CLANG_WARN_CONSTANT_CONVERSION = YES;
				CLANG_WARN_DIRECT_OBJC_ISA_USAGE = YES_ERROR;
				CLANG_WARN_EMPTY_BODY = YES;
				CLANG_WARN_ENUM_CONVERSION = YES;
				CLANG_WARN_INT_CONVERSION = YES;
				CLANG_WARN_OBJC_ROOT_CLASS = YES_ERROR;
				CLANG_WARN_UNREACHABLE_CODE = YES;
				CLANG_WARN__DUPLICATE_METHOD_MATCH = YES;
				"CODE_SIGN_IDENTITY[sdk=iphoneos*]" = "iPhone Developer";
				COPY_PHASE_STRIP = NO;
				DEBUG_INFORMATION_FORMAT = dwarf;
				ENABLE_STRICT_OBJC_MSGSEND = YES;
				ENABLE_TESTABILITY = YES;
				GCC_C_LANGUAGE_STANDARD = gnu99;
				GCC_DYNAMIC_NO_PIC = NO;
				GCC_NO_COMMON_BLOCKS = YES;
				GCC_OPTIMIZATION_LEVEL = 0;
				GCC_PREPROCESSOR_DEFINITIONS = (
					"DEBUG=1",
					"$(inherited)",
				);
				GCC_WARN_64_TO_32_BIT_CONVERSION = YES;
				GCC_WARN_ABOUT_RETURN_TYPE = YES_ERROR;
				GCC_WARN_UNDECLARED_SELECTOR = YES;
				GCC_WARN_UNINITIALIZED_AUTOS = YES_AGGRESSIVE;
				GCC_WARN_UNUSED_FUNCTION = YES;
				GCC_WARN_UNUSED_VARIABLE = YES;
				IPHONEOS_DEPLOYMENT_TARGET = 9.3;
				MTL_ENABLE_DEBUG_INFO = YES;
				ONLY_ACTIVE_ARCH = YES;
				SDKROOT = iphoneos;
				SWIFT_OPTIMIZATION_LEVEL = "-Onone";
				TARGETED_DEVICE_FAMILY = "1,2";
			};
			name = Debug;
		};
		49F549DC1CE5750800C71C9F /* Release */ = {
			isa = XCBuildConfiguration;
			buildSettings = {
				ALWAYS_SEARCH_USER_PATHS = NO;
				CLANG_ANALYZER_NONNULL = YES;
				CLANG_CXX_LANGUAGE_STANDARD = "gnu++0x";
				CLANG_CXX_LIBRARY = "libc++";
				CLANG_ENABLE_MODULES = YES;
				CLANG_ENABLE_OBJC_ARC = YES;
				CLANG_WARN_BOOL_CONVERSION = YES;
				CLANG_WARN_CONSTANT_CONVERSION = YES;
				CLANG_WARN_DIRECT_OBJC_ISA_USAGE = YES_ERROR;
				CLANG_WARN_EMPTY_BODY = YES;
				CLANG_WARN_ENUM_CONVERSION = YES;
				CLANG_WARN_INT_CONVERSION = YES;
				CLANG_WARN_OBJC_ROOT_CLASS = YES_ERROR;
				CLANG_WARN_UNREACHABLE_CODE = YES;
				CLANG_WARN__DUPLICATE_METHOD_MATCH = YES;
				"CODE_SIGN_IDENTITY[sdk=iphoneos*]" = "iPhone Developer";
				COPY_PHASE_STRIP = NO;
				DEBUG_INFORMATION_FORMAT = "dwarf-with-dsym";
				ENABLE_NS_ASSERTIONS = NO;
				ENABLE_STRICT_OBJC_MSGSEND = YES;
				GCC_C_LANGUAGE_STANDARD = gnu99;
				GCC_NO_COMMON_BLOCKS = YES;
				GCC_WARN_64_TO_32_BIT_CONVERSION = YES;
				GCC_WARN_ABOUT_RETURN_TYPE = YES_ERROR;
				GCC_WARN_UNDECLARED_SELECTOR = YES;
				GCC_WARN_UNINITIALIZED_AUTOS = YES_AGGRESSIVE;
				GCC_WARN_UNUSED_FUNCTION = YES;
				GCC_WARN_UNUSED_VARIABLE = YES;
				IPHONEOS_DEPLOYMENT_TARGET = 9.3;
				MTL_ENABLE_DEBUG_INFO = NO;
				SDKROOT = iphoneos;
				TARGETED_DEVICE_FAMILY = "1,2";
				VALIDATE_PRODUCT = YES;
			};
			name = Release;
		};
		49F549DE1CE5750800C71C9F /* Debug */ = {
			isa = XCBuildConfiguration;
			buildSettings = {
				ASSETCATALOG_COMPILER_APPICON_NAME = AppIcon;
				INFOPLIST_FILE = Day2Font/Info.plist;
				LD_RUNPATH_SEARCH_PATHS = "$(inherited) @executable_path/Frameworks";
				PRODUCT_BUNDLE_IDENTIFIER = "-57.Day2Font";
				PRODUCT_NAME = "$(TARGET_NAME)";
			};
			name = Debug;
		};
		49F549DF1CE5750800C71C9F /* Release */ = {
			isa = XCBuildConfiguration;
			buildSettings = {
				ASSETCATALOG_COMPILER_APPICON_NAME = AppIcon;
				INFOPLIST_FILE = Day2Font/Info.plist;
				LD_RUNPATH_SEARCH_PATHS = "$(inherited) @executable_path/Frameworks";
				PRODUCT_BUNDLE_IDENTIFIER = "-57.Day2Font";
				PRODUCT_NAME = "$(TARGET_NAME)";
			};
			name = Release;
		};
		49F549E11CE5750800C71C9F /* Debug */ = {
			isa = XCBuildConfiguration;
			buildSettings = {
				BUNDLE_LOADER = "$(TEST_HOST)";
				INFOPLIST_FILE = Day2FontTests/Info.plist;
				LD_RUNPATH_SEARCH_PATHS = "$(inherited) @executable_path/Frameworks @loader_path/Frameworks";
				PRODUCT_BUNDLE_IDENTIFIER = "-57.Day2FontTests";
				PRODUCT_NAME = "$(TARGET_NAME)";
				TEST_HOST = "$(BUILT_PRODUCTS_DIR)/Day2Font.app/Day2Font";
			};
			name = Debug;
		};
		49F549E21CE5750800C71C9F /* Release */ = {
			isa = XCBuildConfiguration;
			buildSettings = {
				BUNDLE_LOADER = "$(TEST_HOST)";
				INFOPLIST_FILE = Day2FontTests/Info.plist;
				LD_RUNPATH_SEARCH_PATHS = "$(inherited) @executable_path/Frameworks @loader_path/Frameworks";
				PRODUCT_BUNDLE_IDENTIFIER = "-57.Day2FontTests";
				PRODUCT_NAME = "$(TARGET_NAME)";
				TEST_HOST = "$(BUILT_PRODUCTS_DIR)/Day2Font.app/Day2Font";
			};
			name = Release;
		};
		49F549E41CE5750800C71C9F /* Debug */ = {
			isa = XCBuildConfiguration;
			buildSettings = {
				INFOPLIST_FILE = Day2FontUITests/Info.plist;
				LD_RUNPATH_SEARCH_PATHS = "$(inherited) @executable_path/Frameworks @loader_path/Frameworks";
				PRODUCT_BUNDLE_IDENTIFIER = "-57.Day2FontUITests";
				PRODUCT_NAME = "$(TARGET_NAME)";
				TEST_TARGET_NAME = Day2Font;
			};
			name = Debug;
		};
		49F549E51CE5750800C71C9F /* Release */ = {
			isa = XCBuildConfiguration;
			buildSettings = {
				INFOPLIST_FILE = Day2FontUITests/Info.plist;
				LD_RUNPATH_SEARCH_PATHS = "$(inherited) @executable_path/Frameworks @loader_path/Frameworks";
				PRODUCT_BUNDLE_IDENTIFIER = "-57.Day2FontUITests";
				PRODUCT_NAME = "$(TARGET_NAME)";
				TEST_TARGET_NAME = Day2Font;
			};
			name = Release;
		};
/* End XCBuildConfiguration section */

/* Begin XCConfigurationList section */
		49F549B01CE5750700C71C9F /* Build configuration list for PBXProject "Day2Font" */ = {
			isa = XCConfigurationList;
			buildConfigurations = (
				49F549DB1CE5750800C71C9F /* Debug */,
				49F549DC1CE5750800C71C9F /* Release */,
			);
			defaultConfigurationIsVisible = 0;
			defaultConfigurationName = Release;
		};
		49F549DD1CE5750800C71C9F /* Build configuration list for PBXNativeTarget "Day2Font" */ = {
			isa = XCConfigurationList;
			buildConfigurations = (
				49F549DE1CE5750800C71C9F /* Debug */,
				49F549DF1CE5750800C71C9F /* Release */,
			);
			defaultConfigurationIsVisible = 0;
		};
		49F549E01CE5750800C71C9F /* Build configuration list for PBXNativeTarget "Day2FontTests" */ = {
			isa = XCConfigurationList;
			buildConfigurations = (
				49F549E11CE5750800C71C9F /* Debug */,
				49F549E21CE5750800C71C9F /* Release */,
			);
			defaultConfigurationIsVisible = 0;
		};
		49F549E31CE5750800C71C9F /* Build configuration list for PBXNativeTarget "Day2FontUITests" */ = {
			isa = XCConfigurationList;
			buildConfigurations = (
				49F549E41CE5750800C71C9F /* Debug */,
				49F549E51CE5750800C71C9F /* Release */,
			);
			defaultConfigurationIsVisible = 0;
		};
/* End XCConfigurationList section */
	};
	rootObject = 49F549AD1CE5750700C71C9F /* Project object */;
}
